// !$*UTF8*$!
{
	archiveVersion = 1;
	classes = {
	};
	objectVersion = 46;
	objects = {

/* Begin PBXBuildFile section */
		FCBE467A1A97223D00166402 /* AppDelegate.swift in Sources */ = {isa = PBXBuildFile; fileRef = FCBE46791A97223D00166402 /* AppDelegate.swift */; };
		FCBE467C1A97223D00166402 /* ViewController.swift in Sources */ = {isa = PBXBuildFile; fileRef = FCBE467B1A97223D00166402 /* ViewController.swift */; };
		FCBE467F1A97223D00166402 /* Main.storyboard in Resources */ = {isa = PBXBuildFile; fileRef = FCBE467D1A97223D00166402 /* Main.storyboard */; };
		FCBE46811A97223D00166402 /* Images.xcassets in Resources */ = {isa = PBXBuildFile; fileRef = FCBE46801A97223D00166402 /* Images.xcassets */; };
		FCBE46841A97223D00166402 /* LaunchScreen.xib in Resources */ = {isa = PBXBuildFile; fileRef = FCBE46821A97223D00166402 /* LaunchScreen.xib */; };
		FCBE46901A97223D00166402 /* CodePathMailboxTests.swift in Sources */ = {isa = PBXBuildFile; fileRef = FCBE468F1A97223D00166402 /* CodePathMailboxTests.swift */; };
		FCBE469A1A97C6E600166402 /* MailboxViewController.swift in Sources */ = {isa = PBXBuildFile; fileRef = FCBE46991A97C6E600166402 /* MailboxViewController.swift */; };
/* End PBXBuildFile section */

/* Begin PBXContainerItemProxy section */
		FCBE468A1A97223D00166402 /* PBXContainerItemProxy */ = {
			isa = PBXContainerItemProxy;
			containerPortal = FCBE466C1A97223D00166402 /* Project object */;
			proxyType = 1;
			remoteGlobalIDString = FCBE46731A97223D00166402;
			remoteInfo = CodePathMailbox;
		};
/* End PBXContainerItemProxy section */

/* Begin PBXFileReference section */
		FCBE46741A97223D00166402 /* CodePathMailbox.app */ = {isa = PBXFileReference; explicitFileType = wrapper.application; includeInIndex = 0; path = CodePathMailbox.app; sourceTree = BUILT_PRODUCTS_DIR; };
		FCBE46781A97223D00166402 /* Info.plist */ = {isa = PBXFileReference; lastKnownFileType = text.plist.xml; path = Info.plist; sourceTree = "<group>"; };
		FCBE46791A97223D00166402 /* AppDelegate.swift */ = {isa = PBXFileReference; lastKnownFileType = sourcecode.swift; path = AppDelegate.swift; sourceTree = "<group>"; };
		FCBE467B1A97223D00166402 /* ViewController.swift */ = {isa = PBXFileReference; lastKnownFileType = sourcecode.swift; path = ViewController.swift; sourceTree = "<group>"; };
		FCBE467E1A97223D00166402 /* Base */ = {isa = PBXFileReference; lastKnownFileType = file.storyboard; name = Base; path = Base.lproj/Main.storyboard; sourceTree = "<group>"; };
		FCBE46801A97223D00166402 /* Images.xcassets */ = {isa = PBXFileReference; lastKnownFileType = folder.assetcatalog; path = Images.xcassets; sourceTree = "<group>"; };
		FCBE46831A97223D00166402 /* Base */ = {isa = PBXFileReference; lastKnownFileType = file.xib; name = Base; path = Base.lproj/LaunchScreen.xib; sourceTree = "<group>"; };
		FCBE46891A97223D00166402 /* CodePathMailboxTests.xctest */ = {isa = PBXFileReference; explicitFileType = wrapper.cfbundle; includeInIndex = 0; path = CodePathMailboxTests.xctest; sourceTree = BUILT_PRODUCTS_DIR; };
		FCBE468E1A97223D00166402 /* Info.plist */ = {isa = PBXFileReference; lastKnownFileType = text.plist.xml; path = Info.plist; sourceTree = "<group>"; };
		FCBE468F1A97223D00166402 /* CodePathMailboxTests.swift */ = {isa = PBXFileReference; lastKnownFileType = sourcecode.swift; path = CodePathMailboxTests.swift; sourceTree = "<group>"; };
		FCBE46991A97C6E600166402 /* MailboxViewController.swift */ = {isa = PBXFileReference; fileEncoding = 4; lastKnownFileType = sourcecode.swift; path = MailboxViewController.swift; sourceTree = "<group>"; };
/* End PBXFileReference section */

/* Begin PBXFrameworksBuildPhase section */
		FCBE46711A97223D00166402 /* Frameworks */ = {
			isa = PBXFrameworksBuildPhase;
			buildActionMask = 2147483647;
			files = (
			);
			runOnlyForDeploymentPostprocessing = 0;
		};
		FCBE46861A97223D00166402 /* Frameworks */ = {
			isa = PBXFrameworksBuildPhase;
			buildActionMask = 2147483647;
			files = (
			);
			runOnlyForDeploymentPostprocessing = 0;
		};
/* End PBXFrameworksBuildPhase section */

/* Begin PBXGroup section */
		FCBE466B1A97223D00166402 = {
			isa = PBXGroup;
			children = (
				FCBE46761A97223D00166402 /* CodePathMailbox */,
				FCBE468C1A97223D00166402 /* CodePathMailboxTests */,
				FCBE46751A97223D00166402 /* Products */,
			);
			sourceTree = "<group>";
		};
		FCBE46751A97223D00166402 /* Products */ = {
			isa = PBXGroup;
			children = (
				FCBE46741A97223D00166402 /* CodePathMailbox.app */,
				FCBE46891A97223D00166402 /* CodePathMailboxTests.xctest */,
			);
			name = Products;
			sourceTree = "<group>";
		};
		FCBE46761A97223D00166402 /* CodePathMailbox */ = {
			isa = PBXGroup;
			children = (
				FCBE46791A97223D00166402 /* AppDelegate.swift */,
				FCBE467B1A97223D00166402 /* ViewController.swift */,
				FCBE467D1A97223D00166402 /* Main.storyboard */,
				FCBE46991A97C6E600166402 /* MailboxViewController.swift */,
				FCBE46801A97223D00166402 /* Images.xcassets */,
				FCBE46821A97223D00166402 /* LaunchScreen.xib */,
				FCBE46771A97223D00166402 /* Supporting Files */,
			);
			path = CodePathMailbox;
			sourceTree = "<group>";
		};
		FCBE46771A97223D00166402 /* Supporting Files */ = {
			isa = PBXGroup;
			children = (
				FCBE46781A97223D00166402 /* Info.plist */,
			);
			name = "Supporting Files";
			sourceTree = "<group>";
		};
		FCBE468C1A97223D00166402 /* CodePathMailboxTests */ = {
			isa = PBXGroup;
			children = (
				FCBE468F1A97223D00166402 /* CodePathMailboxTests.swift */,
				FCBE468D1A97223D00166402 /* Supporting Files */,
			);
			path = CodePathMailboxTests;
			sourceTree = "<group>";
		};
		FCBE468D1A97223D00166402 /* Supporting Files */ = {
			isa = PBXGroup;
			children = (
				FCBE468E1A97223D00166402 /* Info.plist */,
			);
			name = "Supporting Files";
			sourceTree = "<group>";
		};
/* End PBXGroup section */

/* Begin PBXNativeTarget section */
		FCBE46731A97223D00166402 /* CodePathMailbox */ = {
			isa = PBXNativeTarget;
			buildConfigurationList = FCBE46931A97223D00166402 /* Build configuration list for PBXNativeTarget "CodePathMailbox" */;
			buildPhases = (
				FCBE46701A97223D00166402 /* Sources */,
				FCBE46711A97223D00166402 /* Frameworks */,
				FCBE46721A97223D00166402 /* Resources */,
			);
			buildRules = (
			);
			dependencies = (
			);
			name = CodePathMailbox;
			productName = CodePathMailbox;
			productReference = FCBE46741A97223D00166402 /* CodePathMailbox.app */;
			productType = "com.apple.product-type.application";
		};
		FCBE46881A97223D00166402 /* CodePathMailboxTests */ = {
			isa = PBXNativeTarget;
			buildConfigurationList = FCBE46961A97223D00166402 /* Build configuration list for PBXNativeTarget "CodePathMailboxTests" */;
			buildPhases = (
				FCBE46851A97223D00166402 /* Sources */,
				FCBE46861A97223D00166402 /* Frameworks */,
				FCBE46871A97223D00166402 /* Resources */,
			);
			buildRules = (
			);
			dependencies = (
				FCBE468B1A97223D00166402 /* PBXTargetDependency */,
			);
			name = CodePathMailboxTests;
			productName = CodePathMailboxTests;
			productReference = FCBE46891A97223D00166402 /* CodePathMailboxTests.xctest */;
			productType = "com.apple.product-type.bundle.unit-test";
		};
/* End PBXNativeTarget section */

/* Begin PBXProject section */
		FCBE466C1A97223D00166402 /* Project object */ = {
			isa = PBXProject;
			attributes = {
				LastUpgradeCheck = 0610;
				ORGANIZATIONNAME = "Jonlin Pei";
				TargetAttributes = {
					FCBE46731A97223D00166402 = {
						CreatedOnToolsVersion = 6.1.1;
					};
					FCBE46881A97223D00166402 = {
						CreatedOnToolsVersion = 6.1.1;
						TestTargetID = FCBE46731A97223D00166402;
					};
				};
			};
			buildConfigurationList = FCBE466F1A97223D00166402 /* Build configuration list for PBXProject "CodePathMailbox" */;
			compatibilityVersion = "Xcode 3.2";
			developmentRegion = English;
			hasScannedForEncodings = 0;
			knownRegions = (
				en,
				Base,
			);
			mainGroup = FCBE466B1A97223D00166402;
			productRefGroup = FCBE46751A97223D00166402 /* Products */;
			projectDirPath = "";
			projectRoot = "";
			targets = (
				FCBE46731A97223D00166402 /* CodePathMailbox */,
				FCBE46881A97223D00166402 /* CodePathMailboxTests */,
			);
		};
/* End PBXProject section */

/* Begin PBXResourcesBuildPhase section */
		FCBE46721A97223D00166402 /* Resources */ = {
			isa = PBXResourcesBuildPhase;
			buildActionMask = 2147483647;
			files = (
				FCBE467F1A97223D00166402 /* Main.storyboard in Resources */,
				FCBE46841A97223D00166402 /* LaunchScreen.xib in Resources */,
				FCBE46811A97223D00166402 /* Images.xcassets in Resources */,
			);
			runOnlyForDeploymentPostprocessing = 0;
		};
		FCBE46871A97223D00166402 /* Resources */ = {
			isa = PBXResourcesBuildPhase;
			buildActionMask = 2147483647;
			files = (
			);
			runOnlyForDeploymentPostprocessing = 0;
		};
/* End PBXResourcesBuildPhase section */

/* Begin PBXSourcesBuildPhase section */
		FCBE46701A97223D00166402 /* Sources */ = {
			isa = PBXSourcesBuildPhase;
			buildActionMask = 2147483647;
			files = (
				FCBE467C1A97223D00166402 /* ViewController.swift in Sources */,
				FCBE467A1A97223D00166402 /* AppDelegate.swift in Sources */,
				FCBE469A1A97C6E600166402 /* MailboxViewController.swift in Sources */,
			);
			runOnlyForDeploymentPostprocessing = 0;
		};
		FCBE46851A97223D00166402 /* Sources */ = {
			isa = PBXSourcesBuildPhase;
			buildActionMask = 2147483647;
			files = (
				FCBE46901A97223D00166402 /* CodePathMailboxTests.swift in Sources */,
			);
			runOnlyForDeploymentPostprocessing = 0;
		};
/* End PBXSourcesBuildPhase section */

/* Begin PBXTargetDependency section */
		FCBE468B1A97223D00166402 /* PBXTargetDependency */ = {
			isa = PBXTargetDependency;
			target = FCBE46731A97223D00166402 /* CodePathMailbox */;
			targetProxy = FCBE468A1A97223D00166402 /* PBXContainerItemProxy */;
		};
/* End PBXTargetDependency section */

/* Begin PBXVariantGroup section */
		FCBE467D1A97223D00166402 /* Main.storyboard */ = {
			isa = PBXVariantGroup;
			children = (
				FCBE467E1A97223D00166402 /* Base */,
			);
			name = Main.storyboard;
			sourceTree = "<group>";
		};
		FCBE46821A97223D00166402 /* LaunchScreen.xib */ = {
			isa = PBXVariantGroup;
			children = (
				FCBE46831A97223D00166402 /* Base */,
			);
			name = LaunchScreen.xib;
			sourceTree = "<group>";
		};
/* End PBXVariantGroup section */

/* Begin XCBuildConfiguration section */
		FCBE46911A97223D00166402 /* Debug */ = {
			isa = XCBuildConfiguration;
			buildSettings = {
				ALWAYS_SEARCH_USER_PATHS = NO;
				CLANG_CXX_LANGUAGE_STANDARD = "gnu++0x";
				CLANG_CXX_LIBRARY = "libc++";
				CLANG_ENABLE_MODULES = YES;
				CLANG_ENABLE_OBJC_ARC = YES;
				CLANG_WARN_BOOL_CONVERSION = YES;
				CLANG_WARN_CONSTANT_CONVERSION = YES;
				CLANG_WARN_DIRECT_OBJC_ISA_USAGE = YES_ERROR;
				CLANG_WARN_EMPTY_BODY = YES;
				CLANG_WARN_ENUM_CONVERSION = YES;
				CLANG_WARN_INT_CONVERSION = YES;
				CLANG_WARN_OBJC_ROOT_CLASS = YES_ERROR;
				CLANG_WARN_UNREACHABLE_CODE = YES;
				CLANG_WARN__DUPLICATE_METHOD_MATCH = YES;
				"CODE_SIGN_IDENTITY[sdk=iphoneos*]" = "iPhone Developer";
				COPY_PHASE_STRIP = NO;
				ENABLE_STRICT_OBJC_MSGSEND = YES;
				GCC_C_LANGUAGE_STANDARD = gnu99;
				GCC_DYNAMIC_NO_PIC = NO;
				GCC_OPTIMIZATION_LEVEL = 0;
				GCC_PREPROCESSOR_DEFINITIONS = (
					"DEBUG=1",
					"$(inherited)",
				);
				GCC_SYMBOLS_PRIVATE_EXTERN = NO;
				GCC_WARN_64_TO_32_BIT_CONVERSION = YES;
				GCC_WARN_ABOUT_RETURN_TYPE = YES_ERROR;
				GCC_WARN_UNDECLARED_SELECTOR = YES;
				GCC_WARN_UNINITIALIZED_AUTOS = YES_AGGRESSIVE;
				GCC_WARN_UNUSED_FUNCTION = YES;
				GCC_WARN_UNUSED_VARIABLE = YES;
				IPHONEOS_DEPLOYMENT_TARGET = 8.1;
				MTL_ENABLE_DEBUG_INFO = YES;
				ONLY_ACTIVE_ARCH = YES;
				SDKROOT = iphoneos;
				SWIFT_OPTIMIZATION_LEVEL = "-Onone";
			};
			name = Debug;
		};
		FCBE46921A97223D00166402 /* Release */ = {
			isa = XCBuildConfiguration;
			buildSettings = {
				ALWAYS_SEARCH_USER_PATHS = NO;
				CLANG_CXX_LANGUAGE_STANDARD = "gnu++0x";
				CLANG_CXX_LIBRARY = "libc++";
				CLANG_ENABLE_MODULES = YES;
				CLANG_ENABLE_OBJC_ARC = YES;
				CLANG_WARN_BOOL_CONVERSION = YES;
				CLANG_WARN_CONSTANT_CONVERSION = YES;
				CLANG_WARN_DIRECT_OBJC_ISA_USAGE = YES_ERROR;
				CLANG_WARN_EMPTY_BODY = YES;
				CLANG_WARN_ENUM_CONVERSION = YES;
				CLANG_WARN_INT_CONVERSION = YES;
				CLANG_WARN_OBJC_ROOT_CLASS = YES_ERROR;
				CLANG_WARN_UNREACHABLE_CODE = YES;
				CLANG_WARN__DUPLICATE_METHOD_MATCH = YES;
				"CODE_SIGN_IDENTITY[sdk=iphoneos*]" = "iPhone Developer";
				COPY_PHASE_STRIP = YES;
				ENABLE_NS_ASSERTIONS = NO;
				ENABLE_STRICT_OBJC_MSGSEND = YES;
				GCC_C_LANGUAGE_STANDARD = gnu99;
				GCC_WARN_64_TO_32_BIT_CONVERSION = YES;
				GCC_WARN_ABOUT_RETURN_TYPE = YES_ERROR;
				GCC_WARN_UNDECLARED_SELECTOR = YES;
				GCC_WARN_UNINITIALIZED_AUTOS = YES_AGGRESSIVE;
				GCC_WARN_UNUSED_FUNCTION = YES;
				GCC_WARN_UNUSED_VARIABLE = YES;
				IPHONEOS_DEPLOYMENT_TARGET = 8.1;
				MTL_ENABLE_DEBUG_INFO = NO;
				SDKROOT = iphoneos;
				VALIDATE_PRODUCT = YES;
			};
			name = Release;
		};
		FCBE46941A97223D00166402 /* Debug */ = {
			isa = XCBuildConfiguration;
			buildSettings = {
				ASSETCATALOG_COMPILER_APPICON_NAME = AppIcon;
				ASSETCATALOG_COMPILER_LAUNCHIMAGE_NAME = LaunchImage;
				INFOPLIST_FILE = CodePathMailbox/Info.plist;
				LD_RUNPATH_SEARCH_PATHS = "$(inherited) @executable_path/Frameworks";
				PRODUCT_NAME = "$(TARGET_NAME)";
			};
			name = Debug;
		};
		FCBE46951A97223D00166402 /* Release */ = {
			isa = XCBuildConfiguration;
			buildSettings = {
				ASSETCATALOG_COMPILER_APPICON_NAME = AppIcon;
				ASSETCATALOG_COMPILER_LAUNCHIMAGE_NAME = LaunchImage;
				INFOPLIST_FILE = CodePathMailbox/Info.plist;
				LD_RUNPATH_SEARCH_PATHS = "$(inherited) @executable_path/Frameworks";
				PRODUCT_NAME = "$(TARGET_NAME)";
			};
			name = Release;
		};
		FCBE46971A97223D00166402 /* Debug */ = {
			isa = XCBuildConfiguration;
			buildSettings = {
				BUNDLE_LOADER = "$(TEST_HOST)";
				FRAMEWORK_SEARCH_PATHS = (
					"$(SDKROOT)/Developer/Library/Frameworks",
					"$(inherited)",
				);
				GCC_PREPROCESSOR_DEFINITIONS = (
					"DEBUG=1",
					"$(inherited)",
				);
				INFOPLIST_FILE = CodePathMailboxTests/Info.plist;
				LD_RUNPATH_SEARCH_PATHS = "$(inherited) @executable_path/Frameworks @loader_path/Frameworks";
				PRODUCT_NAME = "$(TARGET_NAME)";
				TEST_HOST = "$(BUILT_PRODUCTS_DIR)/CodePathMailbox.app/CodePathMailbox";
			};
			name = Debug;
		};
		FCBE46981A97223D00166402 /* Release */ = {
			isa = XCBuildConfiguration;
			buildSettings = {
				BUNDLE_LOADER = "$(TEST_HOST)";
				FRAMEWORK_SEARCH_PATHS = (
					"$(SDKROOT)/Developer/Library/Frameworks",
					"$(inherited)",
				);
				INFOPLIST_FILE = CodePathMailboxTests/Info.plist;
				LD_RUNPATH_SEARCH_PATHS = "$(inherited) @executable_path/Frameworks @loader_path/Frameworks";
				PRODUCT_NAME = "$(TARGET_NAME)";
				TEST_HOST = "$(BUILT_PRODUCTS_DIR)/CodePathMailbox.app/CodePathMailbox";
			};
			name = Release;
		};
/* End XCBuildConfiguration section */

/* Begin XCConfigurationList section */
		FCBE466F1A97223D00166402 /* Build configuration list for PBXProject "CodePathMailbox" */ = {
			isa = XCConfigurationList;
			buildConfigurations = (
				FCBE46911A97223D00166402 /* Debug */,
				FCBE46921A97223D00166402 /* Release */,
			);
			defaultConfigurationIsVisible = 0;
			defaultConfigurationName = Release;
		};
		FCBE46931A97223D00166402 /* Build configuration list for PBXNativeTarget "CodePathMailbox" */ = {
			isa = XCConfigurationList;
			buildConfigurations = (
				FCBE46941A97223D00166402 /* Debug */,
				FCBE46951A97223D00166402 /* Release */,
			);
			defaultConfigurationIsVisible = 0;
		};
		FCBE46961A97223D00166402 /* Build configuration list for PBXNativeTarget "CodePathMailboxTests" */ = {
			isa = XCConfigurationList;
			buildConfigurations = (
				FCBE46971A97223D00166402 /* Debug */,
				FCBE46981A97223D00166402 /* Release */,
			);
			defaultConfigurationIsVisible = 0;
		};
/* End XCConfigurationList section */
	};
	rootObject = FCBE466C1A97223D00166402 /* Project object */;
}
